github.com/bitwormhole/starter v0.0.14 h1:UoOCQ+KtOd3bBhMuHt1YPgrp/VJw1Hspjfyk5Yld+hw=
github.com/bitwormhole/starter v0.0.14/go.mod h1:Mv2MC4cWHU2eUs4793mL7pXL79pmjp1HJyA9bV8ZVMc=
github.com/bitwormhole/starter v0.0.33 h1:1YpP/YGFHKl4jAstOxpEdowBg/2fKlzyPIpO/GS8PzQ=
github.com/bitwormhole/starter v0.0.33/go.mod h1:Mv2MC4cWHU2eUs4793mL7pXL79pmjp1HJyA9bV8ZVMc=
github.com/bitwormhole/starter v0.0.34 h1:xQvJIAcWXfviddrnLRcjTOm1Uk1a6vbF5KeYnSB12jw=
github.com/bitwormhole/starter v0.0.34/go.mod h1:Mv2MC4cWHU2eUs4793mL7pXL79pmjp1HJyA9bV8ZVMc=
github.com/bitwormhole/starter v0.0.35 h1:RWtxRhOcBCLDdxbaL5K6qrMZVuFn6vbYYwmJsqLbZHI=
github.com/bitwormhole/starter v0.0.35/go.mod h1:Mv2MC4cWHU2eUs4793mL7pXL79pmjp1HJyA9bV8ZVMc=
github.com/bitwormhole/starter v0.0.36 h1:u74AZtpweSzuTqQRKQQ8bYmQKaX/HGKTbJDhJyD0MvE=
github.com/bitwormhole/starter v0.0.36/go.mod h1:Mv2MC4cWHU2eUs4793mL7pXL79pmjp1HJyA9bV8ZVMc=
github.com/bitwormhole/starter v0.0.37 h1:DWI4pHnkNTNodDKalcM/3+Xf4ZSmp3eAGG6qJ6ebT88=
github.com/bitwormhole/starter v0.0.37/go.mod h1:Mv2MC4cWHU2eUs4793mL7pXL79pmjp1HJyA9bV8ZVMc=
github.com/bitwormhole/starter v0.0.38 h1:Z17dvV5q7GSyZ4qOEOjoemwINPj3Ld91HIj6FKQhFvA=
github.com/bitwormhole/starter v0.0.38/go.mod h1:Mv2MC4cWHU2eUs4793mL7pXL79pmjp1HJyA9bV8ZVMc=
github.com/bitwormhole/starter v0.0.39 h1:6B4G+rlsPmaejU21ZxrdBrxUtDKftofyc/6CYUDZGQ4=
github.com/bitwormhole/starter v0.0.39/go.mod h1:Mv2MC4cWHU2eUs4793mL7pXL79pmjp1HJyA9bV8ZVMc=
github.com/bitwormhole/starter v0.0.40 h1:F82Z78HhvzU+YTJrL36IQ5wcisvTe+r7Rs2i01qiguQ=
github.com/bitwormhole/starter v0.0.40/go.mod h1:Mv2MC4cWHU2eUs4793mL7pXL79pmjp1HJyA9bV8ZVMc=
